
Microsoft Visual Studio Solution File, Format Version 12.00
# Visual Studio Version 16
VisualStudioVersion = 16.0.31019.35
MinimumVisualStudioVersion = 10.0.40219.1
Project("{FAE04EC0-301F-11D3-BF4B-00C04F79EFBC}") = "task_2", "lesson_2\task_2\task_2.csproj", "{13F17D9B-7663-4005-B132-FD88C694713E}"
EndProject
Global
	GlobalSection(SolutionConfigurationPlatforms) = preSolution
		Debug|Any CPU = Debug|Any CPU
		Release|Any CPU = Release|Any CPU
	EndGlobalSection
	GlobalSection(ProjectConfigurationPlatforms) = postSolution
		{13F17D9B-7663-4005-B132-FD88C694713E}.Debug|Any CPU.ActiveCfg = Debug|Any CPU
		{13F17D9B-7663-4005-B132-FD88C694713E}.Debug|Any CPU.Build.0 = Debug|Any CPU
		{13F17D9B-7663-4005-B132-FD88C694713E}.Release|Any CPU.ActiveCfg = Release|Any CPU
		{13F17D9B-7663-4005-B132-FD88C694713E}.Release|Any CPU.Build.0 = Release|Any CPU
	EndGlobalSection
	GlobalSection(SolutionProperties) = preSolution
		HideSolutionNode = FALSE
	EndGlobalSection
	GlobalSection(ExtensibilityGlobals) = postSolution
		SolutionGuid = {EBC49129-8BBB-401C-B74B-DCD8CA6CB378}
	EndGlobalSection
EndGlobal
